
Microsoft Visual Studio Solution File, Format Version 12.00
# Visual Studio Version 17
VisualStudioVersion = 17.14.36623.8
MinimumVisualStudioVersion = 10.0.40219.1
Project("{FAE04EC0-301F-11D3-BF4B-00C04F79EFBC}") = "LibrarySystem", "JohnsStoreStock\LibrarySystem.csproj", "{AE2A16AF-CCAA-4F1C-B34C-18822358943B}"
EndProject
Global
	GlobalSection(SolutionConfigurationPlatforms) = preSolution
		Debug|Any CPU = Debug|Any CPU
		Release|Any CPU = Release|Any CPU
	EndGlobalSection
	GlobalSection(ProjectConfigurationPlatforms) = postSolution
		{AE2A16AF-CCAA-4F1C-B34C-18822358943B}.Debug|Any CPU.ActiveCfg = Debug|Any CPU
		{AE2A16AF-CCAA-4F1C-B34C-18822358943B}.Debug|Any CPU.Build.0 = Debug|Any CPU
		{AE2A16AF-CCAA-4F1C-B34C-18822358943B}.Release|Any CPU.ActiveCfg = Release|Any CPU
		{AE2A16AF-CCAA-4F1C-B34C-18822358943B}.Release|Any CPU.Build.0 = Release|Any CPU
	EndGlobalSection
	GlobalSection(SolutionProperties) = preSolution
		HideSolutionNode = FALSE
	EndGlobalSection
	GlobalSection(ExtensibilityGlobals) = postSolution
		SolutionGuid = {337C4EDE-BE1B-46C5-9635-609987AA0FEC}
	EndGlobalSection
EndGlobal
